
Microsoft Visual Studio Solution File, Format Version 12.00
# Visual Studio Version 17
VisualStudioVersion = 17.3.32804.467
MinimumVisualStudioVersion = 10.0.40219.1
Project("{FAE04EC0-301F-11D3-BF4B-00C04F79EFBC}") = "Exercise13", "Exercise13\Exercise13.csproj", "{32AB3B7D-704F-410A-9133-EC39EB0F3A9A}"
EndProject
Global
	GlobalSection(SolutionConfigurationPlatforms) = preSolution
		Debug|Any CPU = Debug|Any CPU
		Release|Any CPU = Release|Any CPU
	EndGlobalSection
	GlobalSection(ProjectConfigurationPlatforms) = postSolution
		{32AB3B7D-704F-410A-9133-EC39EB0F3A9A}.Debug|Any CPU.ActiveCfg = Debug|Any CPU
		{32AB3B7D-704F-410A-9133-EC39EB0F3A9A}.Debug|Any CPU.Build.0 = Debug|Any CPU
		{32AB3B7D-704F-410A-9133-EC39EB0F3A9A}.Release|Any CPU.ActiveCfg = Release|Any CPU
		{32AB3B7D-704F-410A-9133-EC39EB0F3A9A}.Release|Any CPU.Build.0 = Release|Any CPU
	EndGlobalSection
	GlobalSection(SolutionProperties) = preSolution
		HideSolutionNode = FALSE
	EndGlobalSection
	GlobalSection(ExtensibilityGlobals) = postSolution
		SolutionGuid = {F7ADB2E3-4897-4BCE-BC50-069ECF78D4F9}
	EndGlobalSection
EndGlobal
